
Microsoft Visual Studio Solution File, Format Version 12.00
# Visual Studio Version 17
VisualStudioVersion = 17.4.33103.184
MinimumVisualStudioVersion = 10.0.40219.1
Project("{FAE04EC0-301F-11D3-BF4B-00C04F79EFBC}") = "Mocale", "src\Mocale\Mocale.csproj", "{47B03DBF-E0C7-432E-8F30-7A3637C4FFD2}"
EndProject
Global
	GlobalSection(SolutionConfigurationPlatforms) = preSolution
		Debug|Any CPU = Debug|Any CPU
		Release|Any CPU = Release|Any CPU
	EndGlobalSection
	GlobalSection(ProjectConfigurationPlatforms) = postSolution
		{47B03DBF-E0C7-432E-8F30-7A3637C4FFD2}.Debug|Any CPU.ActiveCfg = Debug|Any CPU
		{47B03DBF-E0C7-432E-8F30-7A3637C4FFD2}.Debug|Any CPU.Build.0 = Debug|Any CPU
		{47B03DBF-E0C7-432E-8F30-7A3637C4FFD2}.Release|Any CPU.ActiveCfg = Release|Any CPU
		{47B03DBF-E0C7-432E-8F30-7A3637C4FFD2}.Release|Any CPU.Build.0 = Release|Any CPU
	EndGlobalSection
	GlobalSection(SolutionProperties) = preSolution
		HideSolutionNode = FALSE
	EndGlobalSection
	GlobalSection(ExtensibilityGlobals) = postSolution
		SolutionGuid = {FC5F4A1E-D3E2-4CF1-8B5F-AC382FA68DF3}
	EndGlobalSection
EndGlobal
